
Microsoft Visual Studio Solution File, Format Version 12.00
# Visual Studio Version 17
VisualStudioVersion = 17.13.35931.197
MinimumVisualStudioVersion = 10.0.40219.1
Project("{FAE04EC0-301F-11D3-BF4B-00C04F79EFBC}") = "Буквы-Цифры", "Буквы-Цифры.csproj", "{D6B89AE0-23AD-4EC1-B64C-D8AE5EE10C91}"
EndProject
Global
	GlobalSection(SolutionConfigurationPlatforms) = preSolution
		Debug|Any CPU = Debug|Any CPU
		Release|Any CPU = Release|Any CPU
	EndGlobalSection
	GlobalSection(ProjectConfigurationPlatforms) = postSolution
		{D6B89AE0-23AD-4EC1-B64C-D8AE5EE10C91}.Debug|Any CPU.ActiveCfg = Debug|Any CPU
		{D6B89AE0-23AD-4EC1-B64C-D8AE5EE10C91}.Debug|Any CPU.Build.0 = Debug|Any CPU
		{D6B89AE0-23AD-4EC1-B64C-D8AE5EE10C91}.Release|Any CPU.ActiveCfg = Release|Any CPU
		{D6B89AE0-23AD-4EC1-B64C-D8AE5EE10C91}.Release|Any CPU.Build.0 = Release|Any CPU
	EndGlobalSection
	GlobalSection(SolutionProperties) = preSolution
		HideSolutionNode = FALSE
	EndGlobalSection
	GlobalSection(ExtensibilityGlobals) = postSolution
		SolutionGuid = {895F3299-5DDA-48A0-B04D-75CCBC4B931F}
	EndGlobalSection
EndGlobal
